
Microsoft Visual Studio Solution File, Format Version 12.00
# Visual Studio Version 17
VisualStudioVersion = 17.4.33213.308
MinimumVisualStudioVersion = 10.0.40219.1
Project("{FAE04EC0-301F-11D3-BF4B-00C04F79EFBC}") = "Mini_SQL_Derleyici", "Mini_SQL_Derleyici\Mini_SQL_Derleyici.csproj", "{55019051-5D78-4A4A-A64C-E5595536B217}"
EndProject
Global
	GlobalSection(SolutionConfigurationPlatforms) = preSolution
		Debug|Any CPU = Debug|Any CPU
		Release|Any CPU = Release|Any CPU
	EndGlobalSection
	GlobalSection(ProjectConfigurationPlatforms) = postSolution
		{55019051-5D78-4A4A-A64C-E5595536B217}.Debug|Any CPU.ActiveCfg = Debug|Any CPU
		{55019051-5D78-4A4A-A64C-E5595536B217}.Debug|Any CPU.Build.0 = Debug|Any CPU
		{55019051-5D78-4A4A-A64C-E5595536B217}.Release|Any CPU.ActiveCfg = Release|Any CPU
		{55019051-5D78-4A4A-A64C-E5595536B217}.Release|Any CPU.Build.0 = Release|Any CPU
	EndGlobalSection
	GlobalSection(SolutionProperties) = preSolution
		HideSolutionNode = FALSE
	EndGlobalSection
	GlobalSection(ExtensibilityGlobals) = postSolution
		SolutionGuid = {7D91889C-4AAC-4471-9CC6-8F97106F4428}
	EndGlobalSection
EndGlobal
